<?xml version="1.0" encoding="UTF-8"?>
<Scheme
   LastUpgradeVersion = "1160"
   version = "1.7">
   <BuildAction
      parallelizeBuildables = "YES"
      buildImplicitDependencies = "YES">
      <BuildActionEntries>
         <BuildActionEntry
            buildForTesting = "YES"
            buildForRunning = "YES"
            buildForProfiling = "YES"
            buildForArchiving = "YES"
            buildForAnalyzing = "YES">
            <BuildableReference
               BuildableIdentifier = "primary"
               BlueprintIdentifier = "33A2F4FF24CA67A6008209F2"
               BuildableName = "LandmarkRemark.app"
               BlueprintName = "LandmarkRemark"
               ReferencedContainer = "container:LandmarkRemark.xcodeproj">
            </BuildableReference>
         </BuildActionEntry>
      </BuildActionEntries>
   </BuildAction>
   <TestAction
      buildConfiguration = "Debug"
      selectedDebuggerIdentifier = "Xcode.DebuggerFoundation.Debugger.LLDB"
      selectedLauncherIdentifier = "Xcode.DebuggerFoundation.Launcher.LLDB"
      shouldUseLaunchSchemeArgsEnv = "YES">
      <Testables>
         <TestableReference
            skipped = "NO">
            <BuildableReference
               BuildableIdentifier = "primary"
               BlueprintIdentifier = "33A2F51324CA67A8008209F2"
               BuildableName = "LandmarkRemarkTests.xctest"
               BlueprintName = "LandmarkRemarkTests"
               ReferencedContainer = "container:LandmarkRemark.xcodeproj">
            </BuildableReference>
            <LocationScenarioReference
               identifier = "../LandmarkRemark/Helpers/Perth.gpx"
               referenceType = "0">
            </LocationScenarioReference>
         </TestableReference>
         <TestableReference
            skipped = "NO">
            <BuildableReference
               BuildableIdentifier = "primary"
               BlueprintIdentifier = "33A2F51E24CA67A8008209F2"
               BuildableName = "LandmarkRemarkUITests.xctest"
               BlueprintName = "LandmarkRemarkUITests"
               ReferencedContainer = "container:LandmarkRemark.xcodeproj">
            </BuildableReference>
            <LocationScenarioReference
               identifier = "../LandmarkRemark/Helpers/Perth.gpx"
               referenceType = "0">
            </LocationScenarioReference>
         </TestableReference>
         <TestableReference
            skipped = "NO">
            <BuildableReference
               BuildableIdentifier = "primary"
               BlueprintIdentifier = "33A2F53424CA684F008209F2"
               BuildableName = "LandmarkRemarkAcceptanceTests.xctest"
               BlueprintName = "LandmarkRemarkAcceptanceTests"
               ReferencedContainer = "container:LandmarkRemark.xcodeproj">
            </BuildableReference>
            <LocationScenarioReference
               identifier = "../LandmarkRemark/Helpers/Perth.gpx"
               referenceType = "0">
            </LocationScenarioReference>
         </TestableReference>
      </Testables>
      <AdditionalOptions>
      </AdditionalOptions>
   </TestAction>
   <LaunchAction
      buildConfiguration = "Debug"
      selectedDebuggerIdentifier = "Xcode.DebuggerFoundation.Debugger.LLDB"
      selectedLauncherIdentifier = "Xcode.DebuggerFoundation.Launcher.LLDB"
      launchStyle = "0"
      useCustomWorkingDirectory = "NO"
      ignoresPersistentStateOnLaunch = "NO"
      debugDocumentVersioning = "YES"
      debugServiceExtension = "internal"
      allowLocationSimulation = "YES">
      <BuildableProductRunnable
         runnableDebuggingMode = "0">
         <BuildableReference
            BuildableIdentifier = "primary"
            BlueprintIdentifier = "33A2F4FF24CA67A6008209F2"
            BuildableName = "LandmarkRemark.app"
            BlueprintName = "LandmarkRemark"
            ReferencedContainer = "container:LandmarkRemark.xcodeproj">
         </BuildableReference>
      </BuildableProductRunnable>
      <AdditionalOptions>
      </AdditionalOptions>
      <LocationScenarioReference
         identifier = "../LandmarkRemark/Helpers/Perth.gpx"
         referenceType = "0">
      </LocationScenarioReference>
   </LaunchAction>
   <ProfileAction
      buildConfiguration = "Debug"
      shouldUseLaunchSchemeArgsEnv = "YES"
      savedToolIdentifier = "Leaks"
      useCustomWorkingDirectory = "NO"
      debugDocumentVersioning = "YES">
      <BuildableProductRunnable
         runnableDebuggingMode = "0">
         <BuildableReference
            BuildableIdentifier = "primary"
            BlueprintIdentifier = "33A2F4FF24CA67A6008209F2"
            BuildableName = "LandmarkRemark.app"
            BlueprintName = "LandmarkRemark"
            ReferencedContainer = "container:LandmarkRemark.xcodeproj">
         </BuildableReference>
      </BuildableProductRunnable>
   </ProfileAction>
   <AnalyzeAction
      buildConfiguration = "Debug">
   </AnalyzeAction>
   <ArchiveAction
      buildConfiguration = "Release"
      revealArchiveInOrganizer = "YES">
   </ArchiveAction>
</Scheme>
